
Microsoft Visual Studio Solution File, Format Version 12.00
# Visual Studio Version 17
VisualStudioVersion = 17.11.35222.181
MinimumVisualStudioVersion = 10.0.40219.1
Project("{8BC9CEB8-8B4A-11D0-8D11-00A0C91BC942}") = "16-interpolationSearch", "16-interpolationSearch.vcxproj", "{CD548E40-4C67-4187-8455-5599089043CC}"
EndProject
Global
	GlobalSection(SolutionConfigurationPlatforms) = preSolution
		Debug|x64 = Debug|x64
		Debug|x86 = Debug|x86
		Release|x64 = Release|x64
		Release|x86 = Release|x86
	EndGlobalSection
	GlobalSection(ProjectConfigurationPlatforms) = postSolution
		{CD548E40-4C67-4187-8455-5599089043CC}.Debug|x64.ActiveCfg = Debug|x64
		{CD548E40-4C67-4187-8455-5599089043CC}.Debug|x64.Build.0 = Debug|x64
		{CD548E40-4C67-4187-8455-5599089043CC}.Debug|x86.ActiveCfg = Debug|Win32
		{CD548E40-4C67-4187-8455-5599089043CC}.Debug|x86.Build.0 = Debug|Win32
		{CD548E40-4C67-4187-8455-5599089043CC}.Release|x64.ActiveCfg = Release|x64
		{CD548E40-4C67-4187-8455-5599089043CC}.Release|x64.Build.0 = Release|x64
		{CD548E40-4C67-4187-8455-5599089043CC}.Release|x86.ActiveCfg = Release|Win32
		{CD548E40-4C67-4187-8455-5599089043CC}.Release|x86.Build.0 = Release|Win32
	EndGlobalSection
	GlobalSection(SolutionProperties) = preSolution
		HideSolutionNode = FALSE
	EndGlobalSection
	GlobalSection(ExtensibilityGlobals) = postSolution
		SolutionGuid = {568501EE-91D2-4C06-8D4F-CBD3BCD4FA49}
	EndGlobalSection
EndGlobal
